
Microsoft Visual Studio Solution File, Format Version 12.00
# Visual Studio Version 17
VisualStudioVersion = 17.3.32922.545
MinimumVisualStudioVersion = 10.0.40219.1
Project("{8BC9CEB8-8B4A-11D0-8D11-00A0C91BC942}") = "Helium-Example-Extension", "Helium-Example-Extension\Helium-Example-Extension.vcxproj", "{4D9AFF56-B2F9-4A5E-A77B-42072AB8F476}"
EndProject
Global
	GlobalSection(SolutionConfigurationPlatforms) = preSolution
		Debug|x64 = Debug|x64
		Debug|x86 = Debug|x86
		Release|x64 = Release|x64
		Release|x86 = Release|x86
	EndGlobalSection
	GlobalSection(ProjectConfigurationPlatforms) = postSolution
		{4D9AFF56-B2F9-4A5E-A77B-42072AB8F476}.Debug|x64.ActiveCfg = Debug|x64
		{4D9AFF56-B2F9-4A5E-A77B-42072AB8F476}.Debug|x64.Build.0 = Debug|x64
		{4D9AFF56-B2F9-4A5E-A77B-42072AB8F476}.Debug|x86.ActiveCfg = Debug|Win32
		{4D9AFF56-B2F9-4A5E-A77B-42072AB8F476}.Debug|x86.Build.0 = Debug|Win32
		{4D9AFF56-B2F9-4A5E-A77B-42072AB8F476}.Release|x64.ActiveCfg = Release|x64
		{4D9AFF56-B2F9-4A5E-A77B-42072AB8F476}.Release|x64.Build.0 = Release|x64
		{4D9AFF56-B2F9-4A5E-A77B-42072AB8F476}.Release|x86.ActiveCfg = Release|Win32
		{4D9AFF56-B2F9-4A5E-A77B-42072AB8F476}.Release|x86.Build.0 = Release|Win32
	EndGlobalSection
	GlobalSection(SolutionProperties) = preSolution
		HideSolutionNode = FALSE
	EndGlobalSection
	GlobalSection(ExtensibilityGlobals) = postSolution
		SolutionGuid = {6FE43D75-8722-43FD-AAA0-51DEE9727648}
	EndGlobalSection
EndGlobal
